
Microsoft Visual Studio Solution File, Format Version 12.00
# Visual Studio Version 17
VisualStudioVersion = 17.0.32014.148
MinimumVisualStudioVersion = 10.0.40219.1
Project("{FAE04EC0-301F-11D3-BF4B-00C04F79EFBC}") = "ChangeBot2", "ChangeBot2\ChangeBot2.csproj", "{53C91B09-0BFB-40B9-8076-7115EE0F9D9C}"
EndProject
Global
	GlobalSection(SolutionConfigurationPlatforms) = preSolution
		Debug|Any CPU = Debug|Any CPU
		Release|Any CPU = Release|Any CPU
	EndGlobalSection
	GlobalSection(ProjectConfigurationPlatforms) = postSolution
		{53C91B09-0BFB-40B9-8076-7115EE0F9D9C}.Debug|Any CPU.ActiveCfg = Debug|Any CPU
		{53C91B09-0BFB-40B9-8076-7115EE0F9D9C}.Debug|Any CPU.Build.0 = Debug|Any CPU
		{53C91B09-0BFB-40B9-8076-7115EE0F9D9C}.Release|Any CPU.ActiveCfg = Release|Any CPU
		{53C91B09-0BFB-40B9-8076-7115EE0F9D9C}.Release|Any CPU.Build.0 = Release|Any CPU
	EndGlobalSection
	GlobalSection(SolutionProperties) = preSolution
		HideSolutionNode = FALSE
	EndGlobalSection
	GlobalSection(ExtensibilityGlobals) = postSolution
		SolutionGuid = {D24A283B-2882-480A-B7C2-BE20D2B8A536}
	EndGlobalSection
EndGlobal
