
Microsoft Visual Studio Solution File, Format Version 12.00
# Visual Studio Version 17
VisualStudioVersion = 17.0.32112.339
MinimumVisualStudioVersion = 10.0.40219.1
Project("{FAE04EC0-301F-11D3-BF4B-00C04F79EFBC}") = "ChangeBot Log", "ChangeBot Log\ChangeBot Log.csproj", "{6B5B8C27-2F14-4AD0-BA13-B0793832001A}"
EndProject
Global
	GlobalSection(SolutionConfigurationPlatforms) = preSolution
		Debug|Any CPU = Debug|Any CPU
		Release|Any CPU = Release|Any CPU
	EndGlobalSection
	GlobalSection(ProjectConfigurationPlatforms) = postSolution
		{6B5B8C27-2F14-4AD0-BA13-B0793832001A}.Debug|Any CPU.ActiveCfg = Debug|Any CPU
		{6B5B8C27-2F14-4AD0-BA13-B0793832001A}.Debug|Any CPU.Build.0 = Debug|Any CPU
		{6B5B8C27-2F14-4AD0-BA13-B0793832001A}.Release|Any CPU.ActiveCfg = Release|Any CPU
		{6B5B8C27-2F14-4AD0-BA13-B0793832001A}.Release|Any CPU.Build.0 = Release|Any CPU
	EndGlobalSection
	GlobalSection(SolutionProperties) = preSolution
		HideSolutionNode = FALSE
	EndGlobalSection
	GlobalSection(ExtensibilityGlobals) = postSolution
		SolutionGuid = {9F672E1F-F7FE-4E0D-B68B-58AD94E8A644}
	EndGlobalSection
EndGlobal
